{
    "_readme": [
        "This file locks the dependencies of your project to a known state",
        "Read more about it at https://getcomposer.org/doc/01-basic-usage.md#installing-dependencies",
        "This file is @generated automatically"
    ],
    "content-hash": "0cfc047eaf0cabbafcb28b9df0db0d23",
    "packages": [
        {
            "name": "phalcon/cphalcon",
            "version": "v3.4.1",
            "source": {
                "type": "git",
                "url": "https://github.com/phalcon/cphalcon.git",
                "reference": "caeac66e7db02fd54c44a27cf22a6381654af2ee"
            },
            "dist": {
                "type": "zip",
                "url": "https://api.github.com/repos/phalcon/cphalcon/zipball/caeac66e7db02fd54c44a27cf22a6381654af2ee",
                "reference": "caeac66e7db02fd54c44a27cf22a6381654af2ee",
                "shasum": ""
            },
            "require": {
                "php": ">=5.5"
            },
            "require-dev": {
                "codeception/codeception": "^2.3",
                "codeception/specify": "^0.4",
                "codeception/verify": "^0.3",
                "doctrine/instantiator": "1.0.5",
                "ext-dom": "*",
                "ext-json": "*",
                "ext-libxml": "*",
                "ext-mbstring": "*",
                "ext-xml": "*",
                "mustache/mustache": "^2.11",
                "phalcon/zephir": "^0.10",
                "phpdocumentor/reflection-docblock": "^2.0",
                "phpunit/phpunit": "^4.8",
                "predis/predis": "^1.1",
                "squizlabs/php_codesniffer": "^2.9",
                "twig/twig": "~1.34"
            },
            "type": "library",
            "notification-url": "https://packagist.org/downloads/",
            "license": [
                "BSD-3-Clause"
            ],
            "authors": [
                {
                    "name": "Contributors",
                    "homepage": "https://github.com/phalcon/cphalcon/graphs/contributors"
                },
                {
                    "name": "Phalcon Team",
                    "email": "team@phalconphp.com",
                    "homepage": "https://phalconphp.com/en/team"
                }
            ],
            "description": "Phalcon is an open source web framework delivered as a C extension for the PHP language providing high performance and lower resource consumption.",
            "keywords": [
                "extension",
                "framework",
                "high load",
                "mvc",
                "phalcon"
            ],
            "support": {
                "docs": "https://docs.phalconphp.com/",
                "email": "support@phalconphp.com",
                "forum": "https://forum.phalconphp.com/",
                "irc": "irc://irc.freenode.org/phalconphp",
                "issues": "https://github.com/phalcon/cphalcon/issues",
                "rss": "https://blog.phalconphp.com/rss",
                "source": "https://github.com/phalcon/cphalcon",
                "wiki": "https://github.com/phalcon/cphalcon/wiki"
            },
            "time": "2018-08-05T15:33:04+00:00"
        }
    ],
    "packages-dev": [
        {
            "name": "phalcon/ide-stubs",
            "version": "v4.1.0",
            "source": {
                "type": "git",
                "url": "https://github.com/phalcon/ide-stubs.git",
                "reference": "77384e4f42542f11b065b2a860b9bca2ea20ad5a"
            },
            "dist": {
                "type": "zip",
                "url": "https://api.github.com/repos/phalcon/ide-stubs/zipball/77384e4f42542f11b065b2a860b9bca2ea20ad5a",
                "reference": "77384e4f42542f11b065b2a860b9bca2ea20ad5a",
                "shasum": ""
            },
            "require": {
                "php": ">=7.2.0"
            },
            "require-dev": {
                "squizlabs/php_codesniffer": "3.*",
                "vimeo/psalm": "^3.4"
            },
            "type": "library",
            "notification-url": "https://packagist.org/downloads/",
            "license": [
                "BSD-3-Clause"
            ],
            "authors": [
                {
                    "name": "Phalcon Team",
                    "email": "team@phalcon.io",
                    "homepage": "https://phalcon.io/en-us/team"
                },
                {
                    "name": "Contributors",
                    "homepage": "https://github.com/phalcon/ide-stubs/graphs/contributors"
                }
            ],
            "description": "The most complete Phalcon Framework IDE stubs library which enables autocompletion in modern IDEs.",
            "homepage": "https://phalcon.io",
            "keywords": [
                "Devtools",
                "Eclipse",
                "autocomplete",
                "ide",
                "netbeans",
                "phalcon",
                "phpstorm",
                "stub",
                "stubs"
            ],
            "support": {
                "forum": "https://forum.phalcon.io/",
                "issues": "https://github.com/phalcon/ide-stubs/issues",
                "source": "https://github.com/phalcon/ide-stubs"
            },
            "funding": [
                {
                    "url": "https://github.com/phalcon",
                    "type": "github"
                },
                {
                    "url": "https://opencollective.com/phalcon",
                    "type": "open_collective"
                }
            ],
            "time": "2020-11-13T10:58:11+00:00"
        }
    ],
    "aliases": [],
    "minimum-stability": "stable",
    "stability-flags": [],
    "prefer-stable": false,
    "prefer-lowest": false,
    "platform": {
        "php": "^7.3.3",
        "ext-psr": "*",
        "ext-mbstring": "*",
        "ext-json": "*",
        "ext-curl": "*",
        "ext-gettext": "*",
        "ext-phalcon": "*"
    },
    "platform-dev": [],
    "plugin-api-version": "2.1.0"
}
